
Microsoft Visual Studio Solution File, Format Version 9.00
# Visual Studio 2005
Project("{FAE04EC0-301F-11D3-BF4B-00C04F79EFBC}") = "ItemPrediction", "ItemPrediction.csproj", "{2BDEB89C-FF19-44F1-B345-25630B6C3A5D}"
EndProject
Project("{9344bdbb-3e7f-41fc-a0dd-8665d75ee146}") = "Packages", "Packages.mdproj", "{CDF04B56-E9FB-4F95-BA88-540343A4A568}"
EndProject
Global
	GlobalSection(SolutionConfigurationPlatforms) = preSolution
		Debug|Any CPU = Debug|Any CPU
		Release|Any CPU = Release|Any CPU
	EndGlobalSection
	GlobalSection(ProjectConfigurationPlatforms) = postSolution
		{2BDEB89C-FF19-44F1-B345-25630B6C3A5D}.Debug|Any CPU.ActiveCfg = Debug|Any CPU
		{2BDEB89C-FF19-44F1-B345-25630B6C3A5D}.Debug|Any CPU.Build.0 = Debug|Any CPU
		{2BDEB89C-FF19-44F1-B345-25630B6C3A5D}.Release|Any CPU.ActiveCfg = Release|Any CPU
		{2BDEB89C-FF19-44F1-B345-25630B6C3A5D}.Release|Any CPU.Build.0 = Release|Any CPU
		{CDF04B56-E9FB-4F95-BA88-540343A4A568}.Debug|Any CPU.ActiveCfg = Debug|Any CPU
		{CDF04B56-E9FB-4F95-BA88-540343A4A568}.Debug|Any CPU.Build.0 = Debug|Any CPU
		{CDF04B56-E9FB-4F95-BA88-540343A4A568}.Release|Any CPU.ActiveCfg = Release|Any CPU
		{CDF04B56-E9FB-4F95-BA88-540343A4A568}.Release|Any CPU.Build.0 = Release|Any CPU
	EndGlobalSection
	GlobalSection(MonoDevelopProperties) = preSolution
		StartupItem = ItemPrediction.csproj
	EndGlobalSection
EndGlobal
