
Microsoft Visual Studio Solution File, Format Version 11.00
# Visual Studio 2010
Project("{FAE04EC0-301F-11D3-BF4B-00C04F79EFBC}") = "MyMediaLite", "MyMediaLite\MyMediaLite.csproj", "{73424F09-BEEA-4992-B116-5F123496F5D3}"
EndProject
Project("{9344bdbb-3e7f-41fc-a0dd-8665d75ee146}") = "Packages", "Packages.mdproj", "{AD1EB4BB-DE14-418B-B704-67D76E468FF0}"
EndProject
Project("{FAE04EC0-301F-11D3-BF4B-00C04F79EFBC}") = "Tests", "Tests\Tests.csproj", "{21DB122B-6D35-41F2-AE88-790A55859209}"
EndProject
Project("{2150E333-8FDC-42A3-9474-1A3956D46DE8}") = "Programs", "Programs", "{233B7F1D-99AA-4D55-BDD9-770B3428A317}"
EndProject
Project("{FAE04EC0-301F-11D3-BF4B-00C04F79EFBC}") = "ItemRecommendation", "Programs\ItemRecommendation\ItemRecommendation.csproj", "{E1ECFAE9-E3D8-4567-8FA9-536A50F1C531}"
EndProject
Project("{FAE04EC0-301F-11D3-BF4B-00C04F79EFBC}") = "RatingPrediction", "Programs\RatingPrediction\RatingPrediction.csproj", "{7DCAB3F3-B687-4589-80F6-76F8BECBC6F8}"
EndProject
Project("{FAE04EC0-301F-11D3-BF4B-00C04F79EFBC}") = "MovieDemo", "Programs\MovieDemo\MovieDemo.csproj", "{DFDFC30F-6BDE-4D8B-BF84-CE958DD662C3}"
EndProject
Project("{FAE04EC0-301F-11D3-BF4B-00C04F79EFBC}") = "RatingBasedRanking", "Programs\RatingBasedRanking\RatingBasedRanking.csproj", "{7180F796-4365-498D-87AA-4A6F8DE42A1D}"
EndProject
Project("{FAE04EC0-301F-11D3-BF4B-00C04F79EFBC}") = "CommandLineProgram", "Programs\CommandLineProgram\CommandLineProgram.csproj", "{CF099BD4-46D6-4FB0-B42B-641A1F829241}"
EndProject
Global
	GlobalSection(SolutionConfigurationPlatforms) = preSolution
		Debug|Any CPU = Debug|Any CPU
		Release|Any CPU = Release|Any CPU
		Default|Any CPU = Default|Any CPU
	EndGlobalSection
	GlobalSection(ProjectConfigurationPlatforms) = postSolution
		{21DB122B-6D35-41F2-AE88-790A55859209}.Debug|Any CPU.ActiveCfg = Debug|Any CPU
		{21DB122B-6D35-41F2-AE88-790A55859209}.Debug|Any CPU.Build.0 = Debug|Any CPU
		{21DB122B-6D35-41F2-AE88-790A55859209}.Default|Any CPU.ActiveCfg = Debug|Any CPU
		{21DB122B-6D35-41F2-AE88-790A55859209}.Default|Any CPU.Build.0 = Debug|Any CPU
		{21DB122B-6D35-41F2-AE88-790A55859209}.Release|Any CPU.ActiveCfg = Release|Any CPU
		{21DB122B-6D35-41F2-AE88-790A55859209}.Release|Any CPU.Build.0 = Release|Any CPU
		{7180F796-4365-498D-87AA-4A6F8DE42A1D}.Debug|Any CPU.ActiveCfg = Debug|Any CPU
		{7180F796-4365-498D-87AA-4A6F8DE42A1D}.Debug|Any CPU.Build.0 = Debug|Any CPU
		{7180F796-4365-498D-87AA-4A6F8DE42A1D}.Default|Any CPU.ActiveCfg = Debug|Any CPU
		{7180F796-4365-498D-87AA-4A6F8DE42A1D}.Default|Any CPU.Build.0 = Debug|Any CPU
		{7180F796-4365-498D-87AA-4A6F8DE42A1D}.Release|Any CPU.ActiveCfg = Release|Any CPU
		{7180F796-4365-498D-87AA-4A6F8DE42A1D}.Release|Any CPU.Build.0 = Release|Any CPU
		{73424F09-BEEA-4992-B116-5F123496F5D3}.Debug|Any CPU.ActiveCfg = Debug|Any CPU
		{73424F09-BEEA-4992-B116-5F123496F5D3}.Debug|Any CPU.Build.0 = Debug|Any CPU
		{73424F09-BEEA-4992-B116-5F123496F5D3}.Default|Any CPU.ActiveCfg = Debug|Any CPU
		{73424F09-BEEA-4992-B116-5F123496F5D3}.Default|Any CPU.Build.0 = Debug|Any CPU
		{73424F09-BEEA-4992-B116-5F123496F5D3}.Release|Any CPU.ActiveCfg = Release|Any CPU
		{73424F09-BEEA-4992-B116-5F123496F5D3}.Release|Any CPU.Build.0 = Release|Any CPU
		{7DCAB3F3-B687-4589-80F6-76F8BECBC6F8}.Debug|Any CPU.ActiveCfg = Debug|Any CPU
		{7DCAB3F3-B687-4589-80F6-76F8BECBC6F8}.Debug|Any CPU.Build.0 = Debug|Any CPU
		{7DCAB3F3-B687-4589-80F6-76F8BECBC6F8}.Default|Any CPU.ActiveCfg = Debug|Any CPU
		{7DCAB3F3-B687-4589-80F6-76F8BECBC6F8}.Default|Any CPU.Build.0 = Debug|Any CPU
		{7DCAB3F3-B687-4589-80F6-76F8BECBC6F8}.Release|Any CPU.ActiveCfg = Release|Any CPU
		{7DCAB3F3-B687-4589-80F6-76F8BECBC6F8}.Release|Any CPU.Build.0 = Release|Any CPU
		{AD1EB4BB-DE14-418B-B704-67D76E468FF0}.Debug|Any CPU.ActiveCfg = Debug|Any CPU
		{AD1EB4BB-DE14-418B-B704-67D76E468FF0}.Release|Any CPU.ActiveCfg = Release|Any CPU
		{CF099BD4-46D6-4FB0-B42B-641A1F829241}.Debug|Any CPU.ActiveCfg = Debug|Any CPU
		{CF099BD4-46D6-4FB0-B42B-641A1F829241}.Debug|Any CPU.Build.0 = Debug|Any CPU
		{CF099BD4-46D6-4FB0-B42B-641A1F829241}.Default|Any CPU.ActiveCfg = Debug|Any CPU
		{CF099BD4-46D6-4FB0-B42B-641A1F829241}.Default|Any CPU.Build.0 = Debug|Any CPU
		{CF099BD4-46D6-4FB0-B42B-641A1F829241}.Release|Any CPU.ActiveCfg = Release|Any CPU
		{CF099BD4-46D6-4FB0-B42B-641A1F829241}.Release|Any CPU.Build.0 = Release|Any CPU
		{DFDFC30F-6BDE-4D8B-BF84-CE958DD662C3}.Debug|Any CPU.ActiveCfg = Debug|Any CPU
		{DFDFC30F-6BDE-4D8B-BF84-CE958DD662C3}.Debug|Any CPU.Build.0 = Debug|Any CPU
		{DFDFC30F-6BDE-4D8B-BF84-CE958DD662C3}.Default|Any CPU.ActiveCfg = Debug|Any CPU
		{DFDFC30F-6BDE-4D8B-BF84-CE958DD662C3}.Default|Any CPU.Build.0 = Debug|Any CPU
		{DFDFC30F-6BDE-4D8B-BF84-CE958DD662C3}.Release|Any CPU.ActiveCfg = Release|Any CPU
		{DFDFC30F-6BDE-4D8B-BF84-CE958DD662C3}.Release|Any CPU.Build.0 = Release|Any CPU
		{E1ECFAE9-E3D8-4567-8FA9-536A50F1C531}.Debug|Any CPU.ActiveCfg = Debug|Any CPU
		{E1ECFAE9-E3D8-4567-8FA9-536A50F1C531}.Debug|Any CPU.Build.0 = Debug|Any CPU
		{E1ECFAE9-E3D8-4567-8FA9-536A50F1C531}.Default|Any CPU.ActiveCfg = Debug|Any CPU
		{E1ECFAE9-E3D8-4567-8FA9-536A50F1C531}.Default|Any CPU.Build.0 = Debug|Any CPU
		{E1ECFAE9-E3D8-4567-8FA9-536A50F1C531}.Release|Any CPU.ActiveCfg = Release|Any CPU
		{E1ECFAE9-E3D8-4567-8FA9-536A50F1C531}.Release|Any CPU.Build.0 = Release|Any CPU
	EndGlobalSection
	GlobalSection(NestedProjects) = preSolution
		{E1ECFAE9-E3D8-4567-8FA9-536A50F1C531} = {233B7F1D-99AA-4D55-BDD9-770B3428A317}
		{7DCAB3F3-B687-4589-80F6-76F8BECBC6F8} = {233B7F1D-99AA-4D55-BDD9-770B3428A317}
		{DFDFC30F-6BDE-4D8B-BF84-CE958DD662C3} = {233B7F1D-99AA-4D55-BDD9-770B3428A317}
		{7180F796-4365-498D-87AA-4A6F8DE42A1D} = {233B7F1D-99AA-4D55-BDD9-770B3428A317}
		{CF099BD4-46D6-4FB0-B42B-641A1F829241} = {233B7F1D-99AA-4D55-BDD9-770B3428A317}
	EndGlobalSection
	GlobalSection(MonoDevelopProperties) = preSolution
		StartupItem = MyMediaLite\MyMediaLite.csproj
		Policies = $0
		$0.StandardHeader = $1
		$1.Text = @Copyright (C) 2013 Zeno Gantner\n\nThis file is part of MyMediaLite.\n\nMyMediaLite is free software: you can redistribute it and/or modify\nit under the terms of the GNU General Public License as published by\nthe Free Software Foundation, either version 3 of the License, or\n(at your option) any later version.\n\nMyMediaLite is distributed in the hope that it will be useful,\nbut WITHOUT ANY WARRANTY; without even the implied warranty of\nMERCHANTABILITY or FITNESS FOR A PARTICULAR PURPOSE.  See the\nGNU General Public License for more details.\n\n You should have received a copy of the GNU General Public License\n along with MyMediaLite.  If not, see <http://www.gnu.org/licenses/>.\n
		$1.IncludeInNewFiles = True
		$0.DotNetNamingPolicy = $2
		$2.DirectoryNamespaceAssociation = PrefixedFlat
		$2.ResourceNamePolicy = FileFormatDefault
		$0.ChangeLogPolicy = $3
		$3.UpdateMode = None
		$3.MessageStyle = $4
		$4.LineAlign = 0
		$3.inheritsSet = Mono
		$0.TextStylePolicy = $5
		$5.inheritsSet = null
		$5.scope = text/x-csharp
		$0.CSharpFormattingPolicy = $6
		$6.BeforeMethodDeclarationParentheses = False
		$6.inheritsSet = Mono
		$6.inheritsScope = text/x-csharp
		$6.scope = text/x-csharp
		$0.VersionControlPolicy = $7
		$7.inheritsSet = Mono
		version = 3.08
	EndGlobalSection
EndGlobal
