
Microsoft Visual Studio Solution File, Format Version 10.00
# Visual Studio 2008
Project("{FAE04EC0-301F-11D3-BF4B-00C04F79EFBC}") = "ItemPrediction", "ItemPrediction\ItemPrediction.csproj", "{2BDEB89C-FF19-44F1-B345-25630B6C3A5D}"
EndProject
Project("{FAE04EC0-301F-11D3-BF4B-00C04F79EFBC}") = "SVM", "SVM\SVM.csproj", "{2A381CBB-8291-435C-A8E3-BBF3B590B2B6}"
EndProject
Project("{FAE04EC0-301F-11D3-BF4B-00C04F79EFBC}") = "MyMediaLite", "MyMediaLite\MyMediaLite.csproj", "{D5BBB78C-DAE0-4516-8AE5-91DBFAC6DE92}"
EndProject
Project("{FAE04EC0-301F-11D3-BF4B-00C04F79EFBC}") = "MyMediaLiteTest", "MyMediaLiteTest\MyMediaLiteTest.csproj", "{BF080B4A-B4BD-48B1-AE57-A67505F655BE}"
EndProject
Project("{FAE04EC0-301F-11D3-BF4B-00C04F79EFBC}") = "RatingPrediction", "RatingPrediction\RatingPrediction.csproj", "{92954F48-7C7D-4F84-BB6C-6A7E4DC3191B}"
EndProject
Project("{FAE04EC0-301F-11D3-BF4B-00C04F79EFBC}") = "MappingItemPrediction", "MappingItemPrediction\MappingItemPrediction.csproj", "{7ECAE320-D318-4000-B3F1-E481488D150D}"
EndProject
Project("{FAE04EC0-301F-11D3-BF4B-00C04F79EFBC}") = "MappingRatingPrediction", "MappingRatingPrediction\MappingRatingPrediction.csproj", "{8C64FEFA-40FB-4F30-8689-D568C4E398B4}"
EndProject
Project("{FAE04EC0-301F-11D3-BF4B-00C04F79EFBC}") = "MovieDemo", "MovieDemo\MovieDemo.csproj", "{0BDB995A-81B3-4110-95DF-F389F9E0D5E1}"
EndProject
Project("{FAE04EC0-301F-11D3-BF4B-00C04F79EFBC}") = "MyMediaLiteExperimental", "MyMediaLiteExperimental\MyMediaLiteExperimental.csproj", "{750EE318-9B7E-4825-8E42-5D9ABDD6E050}"
EndProject
Project("{FAE04EC0-301F-11D3-BF4B-00C04F79EFBC}") = "KDDTrack1", "KDDCup2011\KDDTrack1.csproj", "{2D46DE72-628D-4223-BF43-A05E7C99FECB}"
EndProject
Project("{FAE04EC0-301F-11D3-BF4B-00C04F79EFBC}") = "KDDTrack2", "KDDTrack2\KDDTrack2.csproj", "{3F324371-0D96-4CDF-B375-20B1EC45D934}"
EndProject
Project("{F184B08F-C81C-45F6-A57F-5ABD9991F28F}") = "RatingService", "RatingService\RatingService.vbproj", "{25299559-9D19-4800-9CA2-1F8C16643678}"
EndProject
Global
	GlobalSection(SolutionConfigurationPlatforms) = preSolution
		Debug|Any CPU = Debug|Any CPU
		Release|Any CPU = Release|Any CPU
	EndGlobalSection
	GlobalSection(ProjectConfigurationPlatforms) = postSolution
		{0BDB995A-81B3-4110-95DF-F389F9E0D5E1}.Debug|Any CPU.ActiveCfg = Debug|Any CPU
		{0BDB995A-81B3-4110-95DF-F389F9E0D5E1}.Debug|Any CPU.Build.0 = Debug|Any CPU
		{0BDB995A-81B3-4110-95DF-F389F9E0D5E1}.Release|Any CPU.ActiveCfg = Release|Any CPU
		{0BDB995A-81B3-4110-95DF-F389F9E0D5E1}.Release|Any CPU.Build.0 = Release|Any CPU
		{25299559-9D19-4800-9CA2-1F8C16643678}.Debug|Any CPU.ActiveCfg = Debug|Any CPU
		{25299559-9D19-4800-9CA2-1F8C16643678}.Debug|Any CPU.Build.0 = Debug|Any CPU
		{25299559-9D19-4800-9CA2-1F8C16643678}.Release|Any CPU.ActiveCfg = Release|Any CPU
		{25299559-9D19-4800-9CA2-1F8C16643678}.Release|Any CPU.Build.0 = Release|Any CPU
		{2A381CBB-8291-435C-A8E3-BBF3B590B2B6}.Debug|Any CPU.ActiveCfg = Debug|Any CPU
		{2A381CBB-8291-435C-A8E3-BBF3B590B2B6}.Debug|Any CPU.Build.0 = Debug|Any CPU
		{2A381CBB-8291-435C-A8E3-BBF3B590B2B6}.Release|Any CPU.ActiveCfg = Release|Any CPU
		{2A381CBB-8291-435C-A8E3-BBF3B590B2B6}.Release|Any CPU.Build.0 = Release|Any CPU
		{2BDEB89C-FF19-44F1-B345-25630B6C3A5D}.Debug|Any CPU.ActiveCfg = Debug|Any CPU
		{2BDEB89C-FF19-44F1-B345-25630B6C3A5D}.Debug|Any CPU.Build.0 = Debug|Any CPU
		{2BDEB89C-FF19-44F1-B345-25630B6C3A5D}.Release|Any CPU.ActiveCfg = Release|Any CPU
		{2BDEB89C-FF19-44F1-B345-25630B6C3A5D}.Release|Any CPU.Build.0 = Release|Any CPU
		{2D46DE72-628D-4223-BF43-A05E7C99FECB}.Debug|Any CPU.ActiveCfg = Debug|Any CPU
		{2D46DE72-628D-4223-BF43-A05E7C99FECB}.Debug|Any CPU.Build.0 = Debug|Any CPU
		{2D46DE72-628D-4223-BF43-A05E7C99FECB}.Release|Any CPU.ActiveCfg = Release|Any CPU
		{2D46DE72-628D-4223-BF43-A05E7C99FECB}.Release|Any CPU.Build.0 = Release|Any CPU
		{3F324371-0D96-4CDF-B375-20B1EC45D934}.Debug|Any CPU.ActiveCfg = Debug|Any CPU
		{3F324371-0D96-4CDF-B375-20B1EC45D934}.Debug|Any CPU.Build.0 = Debug|Any CPU
		{3F324371-0D96-4CDF-B375-20B1EC45D934}.Release|Any CPU.ActiveCfg = Release|Any CPU
		{3F324371-0D96-4CDF-B375-20B1EC45D934}.Release|Any CPU.Build.0 = Release|Any CPU
		{750EE318-9B7E-4825-8E42-5D9ABDD6E050}.Debug|Any CPU.ActiveCfg = Debug|Any CPU
		{750EE318-9B7E-4825-8E42-5D9ABDD6E050}.Debug|Any CPU.Build.0 = Debug|Any CPU
		{750EE318-9B7E-4825-8E42-5D9ABDD6E050}.Release|Any CPU.ActiveCfg = Release|Any CPU
		{750EE318-9B7E-4825-8E42-5D9ABDD6E050}.Release|Any CPU.Build.0 = Release|Any CPU
		{7ECAE320-D318-4000-B3F1-E481488D150D}.Debug|Any CPU.ActiveCfg = Debug|Any CPU
		{7ECAE320-D318-4000-B3F1-E481488D150D}.Debug|Any CPU.Build.0 = Debug|Any CPU
		{7ECAE320-D318-4000-B3F1-E481488D150D}.Release|Any CPU.ActiveCfg = Release|Any CPU
		{7ECAE320-D318-4000-B3F1-E481488D150D}.Release|Any CPU.Build.0 = Release|Any CPU
		{8C64FEFA-40FB-4F30-8689-D568C4E398B4}.Debug|Any CPU.ActiveCfg = Debug|Any CPU
		{8C64FEFA-40FB-4F30-8689-D568C4E398B4}.Debug|Any CPU.Build.0 = Debug|Any CPU
		{8C64FEFA-40FB-4F30-8689-D568C4E398B4}.Release|Any CPU.ActiveCfg = Release|Any CPU
		{8C64FEFA-40FB-4F30-8689-D568C4E398B4}.Release|Any CPU.Build.0 = Release|Any CPU
		{92954F48-7C7D-4F84-BB6C-6A7E4DC3191B}.Debug|Any CPU.ActiveCfg = Debug|Any CPU
		{92954F48-7C7D-4F84-BB6C-6A7E4DC3191B}.Debug|Any CPU.Build.0 = Debug|Any CPU
		{92954F48-7C7D-4F84-BB6C-6A7E4DC3191B}.Release|Any CPU.ActiveCfg = Release|Any CPU
		{92954F48-7C7D-4F84-BB6C-6A7E4DC3191B}.Release|Any CPU.Build.0 = Release|Any CPU
		{BF080B4A-B4BD-48B1-AE57-A67505F655BE}.Debug|Any CPU.ActiveCfg = Debug|Any CPU
		{BF080B4A-B4BD-48B1-AE57-A67505F655BE}.Debug|Any CPU.Build.0 = Debug|Any CPU
		{BF080B4A-B4BD-48B1-AE57-A67505F655BE}.Release|Any CPU.ActiveCfg = Release|Any CPU
		{BF080B4A-B4BD-48B1-AE57-A67505F655BE}.Release|Any CPU.Build.0 = Release|Any CPU
		{D5BBB78C-DAE0-4516-8AE5-91DBFAC6DE92}.Debug|Any CPU.ActiveCfg = Debug|Any CPU
		{D5BBB78C-DAE0-4516-8AE5-91DBFAC6DE92}.Debug|Any CPU.Build.0 = Debug|Any CPU
		{D5BBB78C-DAE0-4516-8AE5-91DBFAC6DE92}.Release|Any CPU.ActiveCfg = Release|Any CPU
		{D5BBB78C-DAE0-4516-8AE5-91DBFAC6DE92}.Release|Any CPU.Build.0 = Release|Any CPU
	EndGlobalSection
	GlobalSection(MonoDevelopProperties) = preSolution
		StartupItems = $0
		$0.Item = MovieDemo\MovieDemo.csproj
		Policies = $1
		$1.StandardHeader = $2
		$2.Text = @Copyright (C) 2011 Zeno Gantner\n\nThis file is part of MyMediaLite.\n\nMyMediaLite is free software: you can redistribute it and/or modify\nit under the terms of the GNU General Public License as published by\nthe Free Software Foundation, either version 3 of the License, or\n(at your option) any later version.\n\nMyMediaLite is distributed in the hope that it will be useful,\nbut WITHOUT ANY WARRANTY; without even the implied warranty of\nMERCHANTABILITY or FITNESS FOR A PARTICULAR PURPOSE.  See the\nGNU General Public License for more details.\n\n You should have received a copy of the GNU General Public License\n along with MyMediaLite.  If not, see <http://www.gnu.org/licenses/>.
		$2.inheritsSet = Apache2License
		$1.VersionControlPolicy = $3
		$3.inheritsSet = Mono
		$1.ChangeLogPolicy = $4
		$4.UpdateMode = None
		$4.MessageStyle = $5
		$5.LineAlign = 0
		$4.inheritsSet = Mono
		version = 1.02
	EndGlobalSection
EndGlobal
