
Microsoft Visual Studio Solution File, Format Version 10.00
# Visual Studio 2008
Project("{FAE04EC0-301F-11D3-BF4B-00C04F79EFBC}") = "MyMediaLite", "MyMediaLite\MyMediaLite.csproj", "{D5BBB78C-DAE0-4516-8AE5-91DBFAC6DE92}"
EndProject
Project("{FAE04EC0-301F-11D3-BF4B-00C04F79EFBC}") = "ItemPrediction", "ItemPrediction\ItemPrediction.csproj", "{2BDEB89C-FF19-44F1-B345-25630B6C3A5D}"
EndProject
Project("{FAE04EC0-301F-11D3-BF4B-00C04F79EFBC}") = "RatingPrediction", "RatingPrediction\RatingPrediction.csproj", "{92954F48-7C7D-4F84-BB6C-6A7E4DC3191B}"
EndProject
Project("{FAE04EC0-301F-11D3-BF4B-00C04F79EFBC}") = "SVM", "SVM\SVM.csproj", "{2A381CBB-8291-435C-A8E3-BBF3B590B2B6}"
EndProject
Project("{FAE04EC0-301F-11D3-BF4B-00C04F79EFBC}") = "Mapping", "Mapping\Mapping.csproj", "{7ECAE320-D318-4000-B3F1-E481488D150D}"
EndProject
Global
	GlobalSection(SolutionConfigurationPlatforms) = preSolution
		Debug|Any CPU = Debug|Any CPU
		Release|Any CPU = Release|Any CPU
	EndGlobalSection
	GlobalSection(ProjectConfigurationPlatforms) = postSolution
		{2A381CBB-8291-435C-A8E3-BBF3B590B2B6}.Debug|Any CPU.ActiveCfg = Debug|Any CPU
		{2A381CBB-8291-435C-A8E3-BBF3B590B2B6}.Debug|Any CPU.Build.0 = Debug|Any CPU
		{2A381CBB-8291-435C-A8E3-BBF3B590B2B6}.Release|Any CPU.ActiveCfg = Release|Any CPU
		{2A381CBB-8291-435C-A8E3-BBF3B590B2B6}.Release|Any CPU.Build.0 = Release|Any CPU
		{2BDEB89C-FF19-44F1-B345-25630B6C3A5D}.Debug|Any CPU.ActiveCfg = Debug|Any CPU
		{2BDEB89C-FF19-44F1-B345-25630B6C3A5D}.Debug|Any CPU.Build.0 = Debug|Any CPU
		{2BDEB89C-FF19-44F1-B345-25630B6C3A5D}.Release|Any CPU.ActiveCfg = Release|Any CPU
		{2BDEB89C-FF19-44F1-B345-25630B6C3A5D}.Release|Any CPU.Build.0 = Release|Any CPU
		{7ECAE320-D318-4000-B3F1-E481488D150D}.Debug|Any CPU.ActiveCfg = Debug|Any CPU
		{7ECAE320-D318-4000-B3F1-E481488D150D}.Debug|Any CPU.Build.0 = Debug|Any CPU
		{7ECAE320-D318-4000-B3F1-E481488D150D}.Release|Any CPU.ActiveCfg = Release|Any CPU
		{7ECAE320-D318-4000-B3F1-E481488D150D}.Release|Any CPU.Build.0 = Release|Any CPU
		{92954F48-7C7D-4F84-BB6C-6A7E4DC3191B}.Debug|Any CPU.ActiveCfg = Debug|Any CPU
		{92954F48-7C7D-4F84-BB6C-6A7E4DC3191B}.Debug|Any CPU.Build.0 = Debug|Any CPU
		{92954F48-7C7D-4F84-BB6C-6A7E4DC3191B}.Release|Any CPU.ActiveCfg = Release|Any CPU
		{92954F48-7C7D-4F84-BB6C-6A7E4DC3191B}.Release|Any CPU.Build.0 = Release|Any CPU
		{D5BBB78C-DAE0-4516-8AE5-91DBFAC6DE92}.Debug|Any CPU.ActiveCfg = Debug|Any CPU
		{D5BBB78C-DAE0-4516-8AE5-91DBFAC6DE92}.Debug|Any CPU.Build.0 = Debug|Any CPU
		{D5BBB78C-DAE0-4516-8AE5-91DBFAC6DE92}.Release|Any CPU.ActiveCfg = Release|Any CPU
		{D5BBB78C-DAE0-4516-8AE5-91DBFAC6DE92}.Release|Any CPU.Build.0 = Release|Any CPU
	EndGlobalSection
	GlobalSection(MonoDevelopProperties) = preSolution
		StartupItem = MyMediaLite\MyMediaLite.csproj
		Policies = $0
		$0.StandardHeader = $1
		$1.Text = @// Copyright (C) 2010 Zeno Gantner\n//\n// This file is part of MyMediaLite.\n//\n// MyMediaLite is free software: you can redistribute it and/or modify\n// it under the terms of the GNU General Public License as published by\n// the Free Software Foundation, either version 3 of the License, or\n// (at your option) any later version.\n//\n// MyMediaLite is distributed in the hope that it will be useful,\n// but WITHOUT ANY WARRANTY; without even the implied warranty of\n// MERCHANTABILITY or FITNESS FOR A PARTICULAR PURPOSE.  See the\n// GNU General Public License for more details.\n//\n//  You should have received a copy of the GNU General Public License\n//  along with MyMediaLite.  If not, see <http://www.gnu.org/licenses/>.\n\n
		$1.inheritsSet = Apache2License
		description = MyMediaLite is a lightweight, multi-purpose library of recommender system algorithms.
		version = 0.6
	EndGlobalSection
EndGlobal
